
Microsoft Visual Studio Solution File, Format Version 12.00
# Visual Studio 15
VisualStudioVersion = 15.0.27130.2027
MinimumVisualStudioVersion = 10.0.40219.1
Project("{FAE04EC0-301F-11D3-BF4B-00C04F79EFBC}") = "SpeakerMicAutoTestApi", "SpeakerMicAutoTestApi\SpeakerMicAutoTestApi.csproj", "{251AA65D-2A34-4B22-A093-D305921FA85F}"
EndProject
Global
	GlobalSection(SolutionConfigurationPlatforms) = preSolution
		Debug|Any CPU = Debug|Any CPU
		Release|Any CPU = Release|Any CPU
	EndGlobalSection
	GlobalSection(ProjectConfigurationPlatforms) = postSolution
		{251AA65D-2A34-4B22-A093-D305921FA85F}.Debug|Any CPU.ActiveCfg = Debug|Any CPU
		{251AA65D-2A34-4B22-A093-D305921FA85F}.Debug|Any CPU.Build.0 = Debug|Any CPU
		{251AA65D-2A34-4B22-A093-D305921FA85F}.Release|Any CPU.ActiveCfg = Release|Any CPU
		{251AA65D-2A34-4B22-A093-D305921FA85F}.Release|Any CPU.Build.0 = Release|Any CPU
	EndGlobalSection
	GlobalSection(SolutionProperties) = preSolution
		HideSolutionNode = FALSE
	EndGlobalSection
	GlobalSection(ExtensibilityGlobals) = postSolution
		SolutionGuid = {5ABAA15F-F306-4A22-AF83-09CA3E4A438F}
	EndGlobalSection
EndGlobal
